
Microsoft Visual Studio Solution File, Format Version 12.00
# Visual Studio 2012
Project("{8BC9CEB8-8B4A-11D0-8D11-00A0C91BC942}") = "WorkTask16", "WorkTask16.vcxproj", "{E2F3C7D4-6F01-4577-8F68-66D8D488DE34}"
EndProject
Global
	GlobalSection(SolutionConfigurationPlatforms) = preSolution
		Debug|Win32 = Debug|Win32
		Release|Win32 = Release|Win32
	EndGlobalSection
	GlobalSection(ProjectConfigurationPlatforms) = postSolution
		{E2F3C7D4-6F01-4577-8F68-66D8D488DE34}.Debug|Win32.ActiveCfg = Debug|Win32
		{E2F3C7D4-6F01-4577-8F68-66D8D488DE34}.Debug|Win32.Build.0 = Debug|Win32
		{E2F3C7D4-6F01-4577-8F68-66D8D488DE34}.Release|Win32.ActiveCfg = Release|Win32
		{E2F3C7D4-6F01-4577-8F68-66D8D488DE34}.Release|Win32.Build.0 = Release|Win32
	EndGlobalSection
	GlobalSection(SolutionProperties) = preSolution
		HideSolutionNode = FALSE
	EndGlobalSection
EndGlobal
