
Microsoft Visual Studio Solution File, Format Version 12.00
# Visual Studio 2012
Project("{8BC9CEB8-8B4A-11D0-8D11-00A0C91BC942}") = "workTask20nov", "workTask20nov.vcxproj", "{E1D128C8-B199-45C5-A45B-615F10A6BA0A}"
EndProject
Global
	GlobalSection(SolutionConfigurationPlatforms) = preSolution
		Debug|Win32 = Debug|Win32
		Release|Win32 = Release|Win32
	EndGlobalSection
	GlobalSection(ProjectConfigurationPlatforms) = postSolution
		{E1D128C8-B199-45C5-A45B-615F10A6BA0A}.Debug|Win32.ActiveCfg = Debug|Win32
		{E1D128C8-B199-45C5-A45B-615F10A6BA0A}.Debug|Win32.Build.0 = Debug|Win32
		{E1D128C8-B199-45C5-A45B-615F10A6BA0A}.Release|Win32.ActiveCfg = Release|Win32
		{E1D128C8-B199-45C5-A45B-615F10A6BA0A}.Release|Win32.Build.0 = Release|Win32
	EndGlobalSection
	GlobalSection(SolutionProperties) = preSolution
		HideSolutionNode = FALSE
	EndGlobalSection
EndGlobal
